
Microsoft Visual Studio Solution File, Format Version 12.00
# Visual Studio Version 17
VisualStudioVersion = 17.7.34031.279
MinimumVisualStudioVersion = 10.0.40219.1
Project("{FAE04EC0-301F-11D3-BF4B-00C04F79EFBC}") = "AWSS3ImageUploader", "AWSS3ImageUploader\AWSS3ImageUploader.csproj", "{311652E5-1162-48B4-A5BB-0836B50B365B}"
EndProject
Global
	GlobalSection(SolutionConfigurationPlatforms) = preSolution
		Debug|Any CPU = Debug|Any CPU
		Release|Any CPU = Release|Any CPU
	EndGlobalSection
	GlobalSection(ProjectConfigurationPlatforms) = postSolution
		{311652E5-1162-48B4-A5BB-0836B50B365B}.Debug|Any CPU.ActiveCfg = Debug|Any CPU
		{311652E5-1162-48B4-A5BB-0836B50B365B}.Debug|Any CPU.Build.0 = Debug|Any CPU
		{311652E5-1162-48B4-A5BB-0836B50B365B}.Release|Any CPU.ActiveCfg = Release|Any CPU
		{311652E5-1162-48B4-A5BB-0836B50B365B}.Release|Any CPU.Build.0 = Release|Any CPU
	EndGlobalSection
	GlobalSection(SolutionProperties) = preSolution
		HideSolutionNode = FALSE
	EndGlobalSection
	GlobalSection(ExtensibilityGlobals) = postSolution
		SolutionGuid = {60BE5D80-AA48-4976-8C88-93F3E5656D18}
	EndGlobalSection
EndGlobal
